
Microsoft Visual Studio Solution File, Format Version 12.00
# Visual Studio Version 17
VisualStudioVersion = 17.5.33414.496
MinimumVisualStudioVersion = 10.0.40219.1
Project("{9A19103F-16F7-4668-BE54-9A1E7A4F7556}") = "LandRover.UnitTests", "LandRover.UnitTests\LandRover.UnitTests.csproj", "{82D24EB0-BE6B-4CED-90E7-9CC106DD446D}"
EndProject
Project("{9A19103F-16F7-4668-BE54-9A1E7A4F7556}") = "LandRover.Domain", "LandRover.Domain\LandRover.Domain.csproj", "{4131DA44-9C1B-4627-9AE7-BB07348993F5}"
EndProject
Project("{9A19103F-16F7-4668-BE54-9A1E7A4F7556}") = "LandRover.Application", "LandRover.Application\LandRover.Application.csproj", "{1CDD87A0-ACFF-4699-A125-596E05F55958}"
EndProject
Project("{9A19103F-16F7-4668-BE54-9A1E7A4F7556}") = "LandRover.UI", "LandRover.UI\LandRover.UI.csproj", "{DDEE4ED1-5915-4E59-8050-1557970E5B46}"
EndProject
Project("{9A19103F-16F7-4668-BE54-9A1E7A4F7556}") = "LandRover.Core", "LandRover.Core\LandRover.Core.csproj", "{63F51F52-F124-4815-8AA1-62226A83994E}"
EndProject
Project("{FAE04EC0-301F-11D3-BF4B-00C04F79EFBC}") = "LandRover.Infra.Repository", "LandRover.Infra.Repository\LandRover.Infra.Repository.csproj", "{71AF70E0-F67F-41DB-8316-42D872E41031}"
EndProject
Global
	GlobalSection(SolutionConfigurationPlatforms) = preSolution
		Debug|Any CPU = Debug|Any CPU
		Release|Any CPU = Release|Any CPU
	EndGlobalSection
	GlobalSection(ProjectConfigurationPlatforms) = postSolution
		{82D24EB0-BE6B-4CED-90E7-9CC106DD446D}.Debug|Any CPU.ActiveCfg = Debug|Any CPU
		{82D24EB0-BE6B-4CED-90E7-9CC106DD446D}.Debug|Any CPU.Build.0 = Debug|Any CPU
		{82D24EB0-BE6B-4CED-90E7-9CC106DD446D}.Release|Any CPU.ActiveCfg = Release|Any CPU
		{82D24EB0-BE6B-4CED-90E7-9CC106DD446D}.Release|Any CPU.Build.0 = Release|Any CPU
		{4131DA44-9C1B-4627-9AE7-BB07348993F5}.Debug|Any CPU.ActiveCfg = Debug|Any CPU
		{4131DA44-9C1B-4627-9AE7-BB07348993F5}.Debug|Any CPU.Build.0 = Debug|Any CPU
		{4131DA44-9C1B-4627-9AE7-BB07348993F5}.Release|Any CPU.ActiveCfg = Release|Any CPU
		{4131DA44-9C1B-4627-9AE7-BB07348993F5}.Release|Any CPU.Build.0 = Release|Any CPU
		{1CDD87A0-ACFF-4699-A125-596E05F55958}.Debug|Any CPU.ActiveCfg = Debug|Any CPU
		{1CDD87A0-ACFF-4699-A125-596E05F55958}.Debug|Any CPU.Build.0 = Debug|Any CPU
		{1CDD87A0-ACFF-4699-A125-596E05F55958}.Release|Any CPU.ActiveCfg = Release|Any CPU
		{1CDD87A0-ACFF-4699-A125-596E05F55958}.Release|Any CPU.Build.0 = Release|Any CPU
		{DDEE4ED1-5915-4E59-8050-1557970E5B46}.Debug|Any CPU.ActiveCfg = Debug|Any CPU
		{DDEE4ED1-5915-4E59-8050-1557970E5B46}.Debug|Any CPU.Build.0 = Debug|Any CPU
		{DDEE4ED1-5915-4E59-8050-1557970E5B46}.Release|Any CPU.ActiveCfg = Release|Any CPU
		{DDEE4ED1-5915-4E59-8050-1557970E5B46}.Release|Any CPU.Build.0 = Release|Any CPU
		{63F51F52-F124-4815-8AA1-62226A83994E}.Debug|Any CPU.ActiveCfg = Debug|Any CPU
		{63F51F52-F124-4815-8AA1-62226A83994E}.Debug|Any CPU.Build.0 = Debug|Any CPU
		{63F51F52-F124-4815-8AA1-62226A83994E}.Release|Any CPU.ActiveCfg = Release|Any CPU
		{63F51F52-F124-4815-8AA1-62226A83994E}.Release|Any CPU.Build.0 = Release|Any CPU
		{71AF70E0-F67F-41DB-8316-42D872E41031}.Debug|Any CPU.ActiveCfg = Debug|Any CPU
		{71AF70E0-F67F-41DB-8316-42D872E41031}.Debug|Any CPU.Build.0 = Debug|Any CPU
		{71AF70E0-F67F-41DB-8316-42D872E41031}.Release|Any CPU.ActiveCfg = Release|Any CPU
		{71AF70E0-F67F-41DB-8316-42D872E41031}.Release|Any CPU.Build.0 = Release|Any CPU
	EndGlobalSection
	GlobalSection(SolutionProperties) = preSolution
		HideSolutionNode = FALSE
	EndGlobalSection
	GlobalSection(ExtensibilityGlobals) = postSolution
		SolutionGuid = {DA28614C-9535-4658-B54C-B9A5E7F95D96}
	EndGlobalSection
EndGlobal
